
Microsoft Visual Studio Solution File, Format Version 12.00
# Visual Studio Version 17
VisualStudioVersion = 17.0.31903.59
MinimumVisualStudioVersion = 10.0.40219.1
Project("{FAE04EC0-301F-11D3-BF4B-00C04F79EFBC}") = "AS24Net.Core", "AS24Net.Core\AS24Net.Core.csproj", "{54848DFE-87DE-4988-A86F-E03FA3A8C07B}"
EndProject
Project("{FAE04EC0-301F-11D3-BF4B-00C04F79EFBC}") = "AS24Net.Core.Tests", "AS24Net.Core.Tests\AS24Net.Core.Tests.csproj", "{2415ACDB-4B29-488B-9A32-5D793815FDF6}"
EndProject
Project("{FAE04EC0-301F-11D3-BF4B-00C04F79EFBC}") = "AS24Net.Domain", "AS24Net.Domain\AS24Net.Domain.csproj", "{7B033B51-52C4-4573-8D0D-EA8D209D10A8}"
EndProject
Project("{FAE04EC0-301F-11D3-BF4B-00C04F79EFBC}") = "AS24Net.Entity", "AS24Net.Entity\AS24Net.Entity.csproj", "{F87EB573-1BC6-4D75-83A9-8EDABE5910C8}"
EndProject
Project("{FAE04EC0-301F-11D3-BF4B-00C04F79EFBC}") = "AS24Net.DataLayer", "AS24Net.DataLayer\AS24Net.DataLayer.csproj", "{7859161C-A0B9-495F-A7C8-62F943F19D28}"
EndProject
Project("{FAE04EC0-301F-11D3-BF4B-00C04F79EFBC}") = "AS24Net.Services", "AS24Net.Services\AS24Net.Services.csproj", "{B8536EB3-F24B-47C8-B536-728A31597024}"
EndProject
Project("{FAE04EC0-301F-11D3-BF4B-00C04F79EFBC}") = "AS24Net.DependencyInjection", "AS24Net.DependencyInjection\AS24Net.DependencyInjection.csproj", "{C530BDDA-56D4-4773-ABC9-DA0E93EC931F}"
EndProject
Project("{FAE04EC0-301F-11D3-BF4B-00C04F79EFBC}") = "AS24Net.Server", "AS24Net.Server\AS24Net.Server.csproj", "{7D8A3E68-A4A1-42AB-93B2-6EB3A1D5D816}"
EndProject
Project("{FAE04EC0-301F-11D3-BF4B-00C04F79EFBC}") = "AS24Net.Services.Tests", "AS24Net.Services.Tests\AS24Net.Services.Tests.csproj", "{EB3A08B3-2C86-4F96-A273-68396050BE0B}"
EndProject
Global
	GlobalSection(SolutionConfigurationPlatforms) = preSolution
		Debug|Any CPU = Debug|Any CPU
		Debug|x64 = Debug|x64
		Debug|x86 = Debug|x86
		Release|Any CPU = Release|Any CPU
		Release|x64 = Release|x64
		Release|x86 = Release|x86
	EndGlobalSection
	GlobalSection(ProjectConfigurationPlatforms) = postSolution
		{54848DFE-87DE-4988-A86F-E03FA3A8C07B}.Debug|Any CPU.ActiveCfg = Debug|Any CPU
		{54848DFE-87DE-4988-A86F-E03FA3A8C07B}.Debug|Any CPU.Build.0 = Debug|Any CPU
		{54848DFE-87DE-4988-A86F-E03FA3A8C07B}.Debug|x64.ActiveCfg = Debug|Any CPU
		{54848DFE-87DE-4988-A86F-E03FA3A8C07B}.Debug|x64.Build.0 = Debug|Any CPU
		{54848DFE-87DE-4988-A86F-E03FA3A8C07B}.Debug|x86.ActiveCfg = Debug|Any CPU
		{54848DFE-87DE-4988-A86F-E03FA3A8C07B}.Debug|x86.Build.0 = Debug|Any CPU
		{54848DFE-87DE-4988-A86F-E03FA3A8C07B}.Release|Any CPU.ActiveCfg = Release|Any CPU
		{54848DFE-87DE-4988-A86F-E03FA3A8C07B}.Release|Any CPU.Build.0 = Release|Any CPU
		{54848DFE-87DE-4988-A86F-E03FA3A8C07B}.Release|x64.ActiveCfg = Release|Any CPU
		{54848DFE-87DE-4988-A86F-E03FA3A8C07B}.Release|x64.Build.0 = Release|Any CPU
		{54848DFE-87DE-4988-A86F-E03FA3A8C07B}.Release|x86.ActiveCfg = Release|Any CPU
		{54848DFE-87DE-4988-A86F-E03FA3A8C07B}.Release|x86.Build.0 = Release|Any CPU
		{2415ACDB-4B29-488B-9A32-5D793815FDF6}.Debug|Any CPU.ActiveCfg = Debug|Any CPU
		{2415ACDB-4B29-488B-9A32-5D793815FDF6}.Debug|Any CPU.Build.0 = Debug|Any CPU
		{2415ACDB-4B29-488B-9A32-5D793815FDF6}.Debug|x64.ActiveCfg = Debug|Any CPU
		{2415ACDB-4B29-488B-9A32-5D793815FDF6}.Debug|x64.Build.0 = Debug|Any CPU
		{2415ACDB-4B29-488B-9A32-5D793815FDF6}.Debug|x86.ActiveCfg = Debug|Any CPU
		{2415ACDB-4B29-488B-9A32-5D793815FDF6}.Debug|x86.Build.0 = Debug|Any CPU
		{2415ACDB-4B29-488B-9A32-5D793815FDF6}.Release|Any CPU.ActiveCfg = Release|Any CPU
		{2415ACDB-4B29-488B-9A32-5D793815FDF6}.Release|Any CPU.Build.0 = Release|Any CPU
		{2415ACDB-4B29-488B-9A32-5D793815FDF6}.Release|x64.ActiveCfg = Release|Any CPU
		{2415ACDB-4B29-488B-9A32-5D793815FDF6}.Release|x64.Build.0 = Release|Any CPU
		{2415ACDB-4B29-488B-9A32-5D793815FDF6}.Release|x86.ActiveCfg = Release|Any CPU
		{2415ACDB-4B29-488B-9A32-5D793815FDF6}.Release|x86.Build.0 = Release|Any CPU
		{7B033B51-52C4-4573-8D0D-EA8D209D10A8}.Debug|Any CPU.ActiveCfg = Debug|Any CPU
		{7B033B51-52C4-4573-8D0D-EA8D209D10A8}.Debug|Any CPU.Build.0 = Debug|Any CPU
		{7B033B51-52C4-4573-8D0D-EA8D209D10A8}.Debug|x64.ActiveCfg = Debug|Any CPU
		{7B033B51-52C4-4573-8D0D-EA8D209D10A8}.Debug|x64.Build.0 = Debug|Any CPU
		{7B033B51-52C4-4573-8D0D-EA8D209D10A8}.Debug|x86.ActiveCfg = Debug|Any CPU
		{7B033B51-52C4-4573-8D0D-EA8D209D10A8}.Debug|x86.Build.0 = Debug|Any CPU
		{7B033B51-52C4-4573-8D0D-EA8D209D10A8}.Release|Any CPU.ActiveCfg = Release|Any CPU
		{7B033B51-52C4-4573-8D0D-EA8D209D10A8}.Release|Any CPU.Build.0 = Release|Any CPU
		{7B033B51-52C4-4573-8D0D-EA8D209D10A8}.Release|x64.ActiveCfg = Release|Any CPU
		{7B033B51-52C4-4573-8D0D-EA8D209D10A8}.Release|x64.Build.0 = Release|Any CPU
		{7B033B51-52C4-4573-8D0D-EA8D209D10A8}.Release|x86.ActiveCfg = Release|Any CPU
		{7B033B51-52C4-4573-8D0D-EA8D209D10A8}.Release|x86.Build.0 = Release|Any CPU
		{F87EB573-1BC6-4D75-83A9-8EDABE5910C8}.Debug|Any CPU.ActiveCfg = Debug|Any CPU
		{F87EB573-1BC6-4D75-83A9-8EDABE5910C8}.Debug|Any CPU.Build.0 = Debug|Any CPU
		{F87EB573-1BC6-4D75-83A9-8EDABE5910C8}.Debug|x64.ActiveCfg = Debug|Any CPU
		{F87EB573-1BC6-4D75-83A9-8EDABE5910C8}.Debug|x64.Build.0 = Debug|Any CPU
		{F87EB573-1BC6-4D75-83A9-8EDABE5910C8}.Debug|x86.ActiveCfg = Debug|Any CPU
		{F87EB573-1BC6-4D75-83A9-8EDABE5910C8}.Debug|x86.Build.0 = Debug|Any CPU
		{F87EB573-1BC6-4D75-83A9-8EDABE5910C8}.Release|Any CPU.ActiveCfg = Release|Any CPU
		{F87EB573-1BC6-4D75-83A9-8EDABE5910C8}.Release|Any CPU.Build.0 = Release|Any CPU
		{F87EB573-1BC6-4D75-83A9-8EDABE5910C8}.Release|x64.ActiveCfg = Release|Any CPU
		{F87EB573-1BC6-4D75-83A9-8EDABE5910C8}.Release|x64.Build.0 = Release|Any CPU
		{F87EB573-1BC6-4D75-83A9-8EDABE5910C8}.Release|x86.ActiveCfg = Release|Any CPU
		{F87EB573-1BC6-4D75-83A9-8EDABE5910C8}.Release|x86.Build.0 = Release|Any CPU
		{7859161C-A0B9-495F-A7C8-62F943F19D28}.Debug|Any CPU.ActiveCfg = Debug|Any CPU
		{7859161C-A0B9-495F-A7C8-62F943F19D28}.Debug|Any CPU.Build.0 = Debug|Any CPU
		{7859161C-A0B9-495F-A7C8-62F943F19D28}.Debug|x64.ActiveCfg = Debug|Any CPU
		{7859161C-A0B9-495F-A7C8-62F943F19D28}.Debug|x64.Build.0 = Debug|Any CPU
		{7859161C-A0B9-495F-A7C8-62F943F19D28}.Debug|x86.ActiveCfg = Debug|Any CPU
		{7859161C-A0B9-495F-A7C8-62F943F19D28}.Debug|x86.Build.0 = Debug|Any CPU
		{7859161C-A0B9-495F-A7C8-62F943F19D28}.Release|Any CPU.ActiveCfg = Release|Any CPU
		{7859161C-A0B9-495F-A7C8-62F943F19D28}.Release|Any CPU.Build.0 = Release|Any CPU
		{7859161C-A0B9-495F-A7C8-62F943F19D28}.Release|x64.ActiveCfg = Release|Any CPU
		{7859161C-A0B9-495F-A7C8-62F943F19D28}.Release|x64.Build.0 = Release|Any CPU
		{7859161C-A0B9-495F-A7C8-62F943F19D28}.Release|x86.ActiveCfg = Release|Any CPU
		{7859161C-A0B9-495F-A7C8-62F943F19D28}.Release|x86.Build.0 = Release|Any CPU
		{B8536EB3-F24B-47C8-B536-728A31597024}.Debug|Any CPU.ActiveCfg = Debug|Any CPU
		{B8536EB3-F24B-47C8-B536-728A31597024}.Debug|Any CPU.Build.0 = Debug|Any CPU
		{B8536EB3-F24B-47C8-B536-728A31597024}.Debug|x64.ActiveCfg = Debug|Any CPU
		{B8536EB3-F24B-47C8-B536-728A31597024}.Debug|x64.Build.0 = Debug|Any CPU
		{B8536EB3-F24B-47C8-B536-728A31597024}.Debug|x86.ActiveCfg = Debug|Any CPU
		{B8536EB3-F24B-47C8-B536-728A31597024}.Debug|x86.Build.0 = Debug|Any CPU
		{B8536EB3-F24B-47C8-B536-728A31597024}.Release|Any CPU.ActiveCfg = Release|Any CPU
		{B8536EB3-F24B-47C8-B536-728A31597024}.Release|Any CPU.Build.0 = Release|Any CPU
		{B8536EB3-F24B-47C8-B536-728A31597024}.Release|x64.ActiveCfg = Release|Any CPU
		{B8536EB3-F24B-47C8-B536-728A31597024}.Release|x64.Build.0 = Release|Any CPU
		{B8536EB3-F24B-47C8-B536-728A31597024}.Release|x86.ActiveCfg = Release|Any CPU
		{B8536EB3-F24B-47C8-B536-728A31597024}.Release|x86.Build.0 = Release|Any CPU
		{C530BDDA-56D4-4773-ABC9-DA0E93EC931F}.Debug|Any CPU.ActiveCfg = Debug|Any CPU
		{C530BDDA-56D4-4773-ABC9-DA0E93EC931F}.Debug|Any CPU.Build.0 = Debug|Any CPU
		{C530BDDA-56D4-4773-ABC9-DA0E93EC931F}.Debug|x64.ActiveCfg = Debug|Any CPU
		{C530BDDA-56D4-4773-ABC9-DA0E93EC931F}.Debug|x64.Build.0 = Debug|Any CPU
		{C530BDDA-56D4-4773-ABC9-DA0E93EC931F}.Debug|x86.ActiveCfg = Debug|Any CPU
		{C530BDDA-56D4-4773-ABC9-DA0E93EC931F}.Debug|x86.Build.0 = Debug|Any CPU
		{C530BDDA-56D4-4773-ABC9-DA0E93EC931F}.Release|Any CPU.ActiveCfg = Release|Any CPU
		{C530BDDA-56D4-4773-ABC9-DA0E93EC931F}.Release|Any CPU.Build.0 = Release|Any CPU
		{C530BDDA-56D4-4773-ABC9-DA0E93EC931F}.Release|x64.ActiveCfg = Release|Any CPU
		{C530BDDA-56D4-4773-ABC9-DA0E93EC931F}.Release|x64.Build.0 = Release|Any CPU
		{C530BDDA-56D4-4773-ABC9-DA0E93EC931F}.Release|x86.ActiveCfg = Release|Any CPU
		{C530BDDA-56D4-4773-ABC9-DA0E93EC931F}.Release|x86.Build.0 = Release|Any CPU
		{7D8A3E68-A4A1-42AB-93B2-6EB3A1D5D816}.Debug|Any CPU.ActiveCfg = Debug|Any CPU
		{7D8A3E68-A4A1-42AB-93B2-6EB3A1D5D816}.Debug|Any CPU.Build.0 = Debug|Any CPU
		{7D8A3E68-A4A1-42AB-93B2-6EB3A1D5D816}.Debug|x64.ActiveCfg = Debug|Any CPU
		{7D8A3E68-A4A1-42AB-93B2-6EB3A1D5D816}.Debug|x64.Build.0 = Debug|Any CPU
		{7D8A3E68-A4A1-42AB-93B2-6EB3A1D5D816}.Debug|x86.ActiveCfg = Debug|Any CPU
		{7D8A3E68-A4A1-42AB-93B2-6EB3A1D5D816}.Debug|x86.Build.0 = Debug|Any CPU
		{7D8A3E68-A4A1-42AB-93B2-6EB3A1D5D816}.Release|Any CPU.ActiveCfg = Release|Any CPU
		{7D8A3E68-A4A1-42AB-93B2-6EB3A1D5D816}.Release|Any CPU.Build.0 = Release|Any CPU
		{7D8A3E68-A4A1-42AB-93B2-6EB3A1D5D816}.Release|x64.ActiveCfg = Release|Any CPU
		{7D8A3E68-A4A1-42AB-93B2-6EB3A1D5D816}.Release|x64.Build.0 = Release|Any CPU
		{7D8A3E68-A4A1-42AB-93B2-6EB3A1D5D816}.Release|x86.ActiveCfg = Release|Any CPU
		{7D8A3E68-A4A1-42AB-93B2-6EB3A1D5D816}.Release|x86.Build.0 = Release|Any CPU
		{EB3A08B3-2C86-4F96-A273-68396050BE0B}.Debug|Any CPU.ActiveCfg = Debug|Any CPU
		{EB3A08B3-2C86-4F96-A273-68396050BE0B}.Debug|Any CPU.Build.0 = Debug|Any CPU
		{EB3A08B3-2C86-4F96-A273-68396050BE0B}.Debug|x64.ActiveCfg = Debug|Any CPU
		{EB3A08B3-2C86-4F96-A273-68396050BE0B}.Debug|x64.Build.0 = Debug|Any CPU
		{EB3A08B3-2C86-4F96-A273-68396050BE0B}.Debug|x86.ActiveCfg = Debug|Any CPU
		{EB3A08B3-2C86-4F96-A273-68396050BE0B}.Debug|x86.Build.0 = Debug|Any CPU
		{EB3A08B3-2C86-4F96-A273-68396050BE0B}.Release|Any CPU.ActiveCfg = Release|Any CPU
		{EB3A08B3-2C86-4F96-A273-68396050BE0B}.Release|Any CPU.Build.0 = Release|Any CPU
		{EB3A08B3-2C86-4F96-A273-68396050BE0B}.Release|x64.ActiveCfg = Release|Any CPU
		{EB3A08B3-2C86-4F96-A273-68396050BE0B}.Release|x64.Build.0 = Release|Any CPU
		{EB3A08B3-2C86-4F96-A273-68396050BE0B}.Release|x86.ActiveCfg = Release|Any CPU
		{EB3A08B3-2C86-4F96-A273-68396050BE0B}.Release|x86.Build.0 = Release|Any CPU
	EndGlobalSection
	GlobalSection(SolutionProperties) = preSolution
		HideSolutionNode = FALSE
	EndGlobalSection
EndGlobal
